Microsoft Visual Studio Solution File, Format Version 11.00
# Visual Studio 2008

Project("{DF5C0C09-E8F2-3841-25E4-5AC4A74E304D}") = "DotsAndBoxes", "Assembly-CSharp-firstpass.csproj", "{DD610AAD-7088-F679-2904-555F115ADDE9}"
EndProject
Project("{DF5C0C09-E8F2-3841-25E4-5AC4A74E304D}") = "DotsAndBoxes", "Assembly-CSharp.csproj", "{5D31AF79-217B-CD41-34AE-CD074DE13A74}"
EndProject
Project("{DF5C0C09-E8F2-3841-25E4-5AC4A74E304D}") = "DotsAndBoxes", "Assembly-CSharp-Editor.csproj", "{3DA65841-1FC1-8051-44B7-0D36FEC898FB}"
EndProject
Global
	GlobalSection(SolutionConfigurationPlatforms) = preSolution
		Debug|Any CPU = Debug|Any CPU
		Release|Any CPU = Release|Any CPU
	EndGlobalSection
	GlobalSection(ProjectConfigurationPlatforms) = postSolution
		{DD610AAD-7088-F679-2904-555F115ADDE9}.Debug|Any CPU.ActiveCfg = Debug|Any CPU
		{DD610AAD-7088-F679-2904-555F115ADDE9}.Debug|Any CPU.Build.0 = Debug|Any CPU
		{DD610AAD-7088-F679-2904-555F115ADDE9}.Release|Any CPU.ActiveCfg = Release|Any CPU
		{DD610AAD-7088-F679-2904-555F115ADDE9}.Release|Any CPU.Build.0 = Release|Any CPU
		{5D31AF79-217B-CD41-34AE-CD074DE13A74}.Debug|Any CPU.ActiveCfg = Debug|Any CPU
		{5D31AF79-217B-CD41-34AE-CD074DE13A74}.Debug|Any CPU.Build.0 = Debug|Any CPU
		{5D31AF79-217B-CD41-34AE-CD074DE13A74}.Release|Any CPU.ActiveCfg = Release|Any CPU
		{5D31AF79-217B-CD41-34AE-CD074DE13A74}.Release|Any CPU.Build.0 = Release|Any CPU
		{3DA65841-1FC1-8051-44B7-0D36FEC898FB}.Debug|Any CPU.ActiveCfg = Debug|Any CPU
		{3DA65841-1FC1-8051-44B7-0D36FEC898FB}.Debug|Any CPU.Build.0 = Debug|Any CPU
		{3DA65841-1FC1-8051-44B7-0D36FEC898FB}.Release|Any CPU.ActiveCfg = Release|Any CPU
		{3DA65841-1FC1-8051-44B7-0D36FEC898FB}.Release|Any CPU.Build.0 = Release|Any CPU
	EndGlobalSection
	GlobalSection(SolutionProperties) = preSolution
		HideSolutionNode = FALSE
	EndGlobalSection
	GlobalSection(MonoDevelopProperties) = preSolution
		StartupItem = Assembly-CSharp.csproj
	EndGlobalSection
EndGlobal
